{
  "name": "vscode-dev-containers",
  "version": "0.0.0",
  "lockfileVersion": 1,
  "requires": true,
  "dependencies": {
    "@maiertech/prettier-config": {
      "version": "0.2.1",
      "resolved": "https://registry.npmjs.org/@maiertech/prettier-config/-/prettier-config-0.2.1.tgz",
      "integrity": "sha512-V+DXbpav/ggMOv8xYISCvNES6Dsa3IMRErIs8F6rEEQ1C7r6KmeWyO6YOUOA3GwEAkT9Yk7T4nbprI+obN/LnA==",
      "dev": true
    },
    "prettier": {
      "version": "2.5.0",
      "resolved": "https://registry.npmjs.org/prettier/-/prettier-2.5.0.tgz",
      "integrity": "sha512-FM/zAKgWTxj40rH03VxzIPdXmj39SwSjwG0heUcNFwI+EMZJnY93yAiKXM3dObIKAM5TA88werc8T/EwhB45eg==",
      "dev": true
    }
  }
}
