{
  "name": "vscode-dev-containers",
  "version": "0.0.0",
  "lockfileVersion": 1,
  "requires": true,
  "dependencies": {
    "@maiertech/prettier-config": {
      "version": "0.2.1",
      "resolved": "https://registry.npmjs.org/@maiertech/prettier-config/-/prettier-config-0.2.1.tgz",
      "integrity": "sha512-V+DXbpav/ggMOv8xYISCvNES6Dsa3IMRErIs8F6rEEQ1C7r6KmeWyO6YOUOA3GwEAkT9Yk7T4nbprI+obN/LnA==",
      "dev": true
    },
    "prettier": {
      "version": "2.5.1",
      "resolved": "https://registry.npmjs.org/prettier/-/prettier-2.5.1.tgz",
      "integrity": "sha512-vBZcPRUR5MZJwoyi3ZoyQlc1rXeEck8KgeC9AwwOn+exuxLxq5toTRDTSaVrXHxelDMHy9zlicw8u66yxoSUFg==",
      "dev": true
    }
  }
}
